// !$*UTF8*$!
{
	archiveVersion = 1;
	classes = {
	};
	objectVersion = 50;
	objects = {

/* Begin PBXBuildFile section */
		D9B6EAEF26B1B20500F2BA23 /* To_Do_ListApp.swift in Sources */ = {isa = PBXBuildFile; fileRef = D9B6EAEE26B1B20500F2BA23 /* To_Do_ListApp.swift */; };
		D9B6EAF126B1B20500F2BA23 /* ContentView.swift in Sources */ = {isa = PBXBuildFile; fileRef = D9B6EAF026B1B20500F2BA23 /* ContentView.swift */; };
		D9B6EAF326B1B20800F2BA23 /* Assets.xcassets in Resources */ = {isa = PBXBuildFile; fileRef = D9B6EAF226B1B20800F2BA23 /* Assets.xcassets */; };
		D9B6EAF626B1B20800F2BA23 /* Preview Assets.xcassets in Resources */ = {isa = PBXBuildFile; fileRef = D9B6EAF526B1B20800F2BA23 /* Preview Assets.xcassets */; };
		D9B6EB0126B1B20800F2BA23 /* To_Do_ListTests.swift in Sources */ = {isa = PBXBuildFile; fileRef = D9B6EB0026B1B20800F2BA23 /* To_Do_ListTests.swift */; };
		D9B6EB0C26B1B20800F2BA23 /* To_Do_ListUITests.swift in Sources */ = {isa = PBXBuildFile; fileRef = D9B6EB0B26B1B20800F2BA23 /* To_Do_ListUITests.swift */; };
		D9B6EB1C26B1B84E00F2BA23 /* ToDoList.swift in Sources */ = {isa = PBXBuildFile; fileRef = D9B6EB1B26B1B84E00F2BA23 /* ToDoList.swift */; };
		D9B6EB1E26B1B91400F2BA23 /* AddItemView.swift in Sources */ = {isa = PBXBuildFile; fileRef = D9B6EB1D26B1B91400F2BA23 /* AddItemView.swift */; };
/* End PBXBuildFile section */

/* Begin PBXContainerItemProxy section */
		D9B6EAFD26B1B20800F2BA23 /* PBXContainerItemProxy */ = {
			isa = PBXContainerItemProxy;
			containerPortal = D9B6EAE326B1B20500F2BA23 /* Project object */;
			proxyType = 1;
			remoteGlobalIDString = D9B6EAEA26B1B20500F2BA23;
			remoteInfo = "To-Do List";
		};
		D9B6EB0826B1B20800F2BA23 /* PBXContainerItemProxy */ = {
			isa = PBXContainerItemProxy;
			containerPortal = D9B6EAE326B1B20500F2BA23 /* Project object */;
			proxyType = 1;
			remoteGlobalIDString = D9B6EAEA26B1B20500F2BA23;
			remoteInfo = "To-Do List";
		};
/* End PBXContainerItemProxy section */

/* Begin PBXFileReference section */
		D9B6EAEB26B1B20500F2BA23 /* To-Do List.app */ = {isa = PBXFileReference; explicitFileType = wrapper.application; includeInIndex = 0; path = "To-Do List.app"; sourceTree = BUILT_PRODUCTS_DIR; };
		D9B6EAEE26B1B20500F2BA23 /* To_Do_ListApp.swift */ = {isa = PBXFileReference; lastKnownFileType = sourcecode.swift; path = To_Do_ListApp.swift; sourceTree = "<group>"; };
		D9B6EAF026B1B20500F2BA23 /* ContentView.swift */ = {isa = PBXFileReference; lastKnownFileType = sourcecode.swift; path = ContentView.swift; sourceTree = "<group>"; };
		D9B6EAF226B1B20800F2BA23 /* Assets.xcassets */ = {isa = PBXFileReference; lastKnownFileType = folder.assetcatalog; path = Assets.xcassets; sourceTree = "<group>"; };
		D9B6EAF526B1B20800F2BA23 /* Preview Assets.xcassets */ = {isa = PBXFileReference; lastKnownFileType = folder.assetcatalog; path = "Preview Assets.xcassets"; sourceTree = "<group>"; };
		D9B6EAF726B1B20800F2BA23 /* Info.plist */ = {isa = PBXFileReference; lastKnownFileType = text.plist.xml; path = Info.plist; sourceTree = "<group>"; };
		D9B6EAFC26B1B20800F2BA23 /* To-Do ListTests.xctest */ = {isa = PBXFileReference; explicitFileType = wrapper.cfbundle; includeInIndex = 0; path = "To-Do ListTests.xctest"; sourceTree = BUILT_PRODUCTS_DIR; };
		D9B6EB0026B1B20800F2BA23 /* To_Do_ListTests.swift */ = {isa = PBXFileReference; lastKnownFileType = sourcecode.swift; path = To_Do_ListTests.swift; sourceTree = "<group>"; };
		D9B6EB0226B1B20800F2BA23 /* Info.plist */ = {isa = PBXFileReference; lastKnownFileType = text.plist.xml; path = Info.plist; sourceTree = "<group>"; };
		D9B6EB0726B1B20800F2BA23 /* To-Do ListUITests.xctest */ = {isa = PBXFileReference; explicitFileType = wrapper.cfbundle; includeInIndex = 0; path = "To-Do ListUITests.xctest"; sourceTree = BUILT_PRODUCTS_DIR; };
		D9B6EB0B26B1B20800F2BA23 /* To_Do_ListUITests.swift */ = {isa = PBXFileReference; lastKnownFileType = sourcecode.swift; path = To_Do_ListUITests.swift; sourceTree = "<group>"; };
		D9B6EB0D26B1B20800F2BA23 /* Info.plist */ = {isa = PBXFileReference; lastKnownFileType = text.plist.xml; path = Info.plist; sourceTree = "<group>"; };
		D9B6EB1B26B1B84E00F2BA23 /* ToDoList.swift */ = {isa = PBXFileReference; lastKnownFileType = sourcecode.swift; path = ToDoList.swift; sourceTree = "<group>"; };
		D9B6EB1D26B1B91400F2BA23 /* AddItemView.swift */ = {isa = PBXFileReference; lastKnownFileType = sourcecode.swift; path = AddItemView.swift; sourceTree = "<group>"; };
/* End PBXFileReference section */

/* Begin PBXFrameworksBuildPhase section */
		D9B6EAE826B1B20500F2BA23 /* Frameworks */ = {
			isa = PBXFrameworksBuildPhase;
			buildActionMask = 2147483647;
			files = (
			);
			runOnlyForDeploymentPostprocessing = 0;
		};
		D9B6EAF926B1B20800F2BA23 /* Frameworks */ = {
			isa = PBXFrameworksBuildPhase;
			buildActionMask = 2147483647;
			files = (
			);
			runOnlyForDeploymentPostprocessing = 0;
		};
		D9B6EB0426B1B20800F2BA23 /* Frameworks */ = {
			isa = PBXFrameworksBuildPhase;
			buildActionMask = 2147483647;
			files = (
			);
			runOnlyForDeploymentPostprocessing = 0;
		};
/* End PBXFrameworksBuildPhase section */

/* Begin PBXGroup section */
		D9B6EAE226B1B20500F2BA23 = {
			isa = PBXGroup;
			children = (
				D9B6EAED26B1B20500F2BA23 /* To-Do List */,
				D9B6EAFF26B1B20800F2BA23 /* To-Do ListTests */,
				D9B6EB0A26B1B20800F2BA23 /* To-Do ListUITests */,
				D9B6EAEC26B1B20500F2BA23 /* Products */,
			);
			sourceTree = "<group>";
		};
		D9B6EAEC26B1B20500F2BA23 /* Products */ = {
			isa = PBXGroup;
			children = (
				D9B6EAEB26B1B20500F2BA23 /* To-Do List.app */,
				D9B6EAFC26B1B20800F2BA23 /* To-Do ListTests.xctest */,
				D9B6EB0726B1B20800F2BA23 /* To-Do ListUITests.xctest */,
			);
			name = Products;
			sourceTree = "<group>";
		};
		D9B6EAED26B1B20500F2BA23 /* To-Do List */ = {
			isa = PBXGroup;
			children = (
				D9B6EAEE26B1B20500F2BA23 /* To_Do_ListApp.swift */,
				D9B6EAF026B1B20500F2BA23 /* ContentView.swift */,
				D9B6EB1D26B1B91400F2BA23 /* AddItemView.swift */,
				D9B6EB1B26B1B84E00F2BA23 /* ToDoList.swift */,
				D9B6EAF226B1B20800F2BA23 /* Assets.xcassets */,
				D9B6EAF726B1B20800F2BA23 /* Info.plist */,
				D9B6EAF426B1B20800F2BA23 /* Preview Content */,
			);
			path = "To-Do List";
			sourceTree = "<group>";
		};
		D9B6EAF426B1B20800F2BA23 /* Preview Content */ = {
			isa = PBXGroup;
			children = (
				D9B6EAF526B1B20800F2BA23 /* Preview Assets.xcassets */,
			);
			path = "Preview Content";
			sourceTree = "<group>";
		};
		D9B6EAFF26B1B20800F2BA23 /* To-Do ListTests */ = {
			isa = PBXGroup;
			children = (
				D9B6EB0026B1B20800F2BA23 /* To_Do_ListTests.swift */,
				D9B6EB0226B1B20800F2BA23 /* Info.plist */,
			);
			path = "To-Do ListTests";
			sourceTree = "<group>";
		};
		D9B6EB0A26B1B20800F2BA23 /* To-Do ListUITests */ = {
			isa = PBXGroup;
			children = (
				D9B6EB0B26B1B20800F2BA23 /* To_Do_ListUITests.swift */,
				D9B6EB0D26B1B20800F2BA23 /* Info.plist */,
			);
			path = "To-Do ListUITests";
			sourceTree = "<group>";
		};
/* End PBXGroup section */

/* Begin PBXNativeTarget section */
		D9B6EAEA26B1B20500F2BA23 /* To-Do List */ = {
			isa = PBXNativeTarget;
			buildConfigurationList = D9B6EB1026B1B20800F2BA23 /* Build configuration list for PBXNativeTarget "To-Do List" */;
			buildPhases = (
				D9B6EAE726B1B20500F2BA23 /* Sources */,
				D9B6EAE826B1B20500F2BA23 /* Frameworks */,
				D9B6EAE926B1B20500F2BA23 /* Resources */,
			);
			buildRules = (
			);
			dependencies = (
			);
			name = "To-Do List";
			productName = "To-Do List";
			productReference = D9B6EAEB26B1B20500F2BA23 /* To-Do List.app */;
			productType = "com.apple.product-type.application";
		};
		D9B6EAFB26B1B20800F2BA23 /* To-Do ListTests */ = {
			isa = PBXNativeTarget;
			buildConfigurationList = D9B6EB1326B1B20800F2BA23 /* Build configuration list for PBXNativeTarget "To-Do ListTests" */;
			buildPhases = (
				D9B6EAF826B1B20800F2BA23 /* Sources */,
				D9B6EAF926B1B20800F2BA23 /* Frameworks */,
				D9B6EAFA26B1B20800F2BA23 /* Resources */,
			);
			buildRules = (
			);
			dependencies = (
				D9B6EAFE26B1B20800F2BA23 /* PBXTargetDependency */,
			);
			name = "To-Do ListTests";
			productName = "To-Do ListTests";
			productReference = D9B6EAFC26B1B20800F2BA23 /* To-Do ListTests.xctest */;
			productType = "com.apple.product-type.bundle.unit-test";
		};
		D9B6EB0626B1B20800F2BA23 /* To-Do ListUITests */ = {
			isa = PBXNativeTarget;
			buildConfigurationList = D9B6EB1626B1B20800F2BA23 /* Build configuration list for PBXNativeTarget "To-Do ListUITests" */;
			buildPhases = (
				D9B6EB0326B1B20800F2BA23 /* Sources */,
				D9B6EB0426B1B20800F2BA23 /* Frameworks */,
				D9B6EB0526B1B20800F2BA23 /* Resources */,
			);
			buildRules = (
			);
			dependencies = (
				D9B6EB0926B1B20800F2BA23 /* PBXTargetDependency */,
			);
			name = "To-Do ListUITests";
			productName = "To-Do ListUITests";
			productReference = D9B6EB0726B1B20800F2BA23 /* To-Do ListUITests.xctest */;
			productType = "com.apple.product-type.bundle.ui-testing";
		};
/* End PBXNativeTarget section */

/* Begin PBXProject section */
		D9B6EAE326B1B20500F2BA23 /* Project object */ = {
			isa = PBXProject;
			attributes = {
				LastSwiftUpdateCheck = 1250;
				LastUpgradeCheck = 1250;
				TargetAttributes = {
					D9B6EAEA26B1B20500F2BA23 = {
						CreatedOnToolsVersion = 12.5.1;
					};
					D9B6EAFB26B1B20800F2BA23 = {
						CreatedOnToolsVersion = 12.5.1;
						TestTargetID = D9B6EAEA26B1B20500F2BA23;
					};
					D9B6EB0626B1B20800F2BA23 = {
						CreatedOnToolsVersion = 12.5.1;
						TestTargetID = D9B6EAEA26B1B20500F2BA23;
					};
				};
			};
			buildConfigurationList = D9B6EAE626B1B20500F2BA23 /* Build configuration list for PBXProject "To-Do List" */;
			compatibilityVersion = "Xcode 9.3";
			developmentRegion = en;
			hasScannedForEncodings = 0;
			knownRegions = (
				en,
				Base,
			);
			mainGroup = D9B6EAE226B1B20500F2BA23;
			productRefGroup = D9B6EAEC26B1B20500F2BA23 /* Products */;
			projectDirPath = "";
			projectRoot = "";
			targets = (
				D9B6EAEA26B1B20500F2BA23 /* To-Do List */,
				D9B6EAFB26B1B20800F2BA23 /* To-Do ListTests */,
				D9B6EB0626B1B20800F2BA23 /* To-Do ListUITests */,
			);
		};
/* End PBXProject section */

/* Begin PBXResourcesBuildPhase section */
		D9B6EAE926B1B20500F2BA23 /* Resources */ = {
			isa = PBXResourcesBuildPhase;
			buildActionMask = 2147483647;
			files = (
				D9B6EAF626B1B20800F2BA23 /* Preview Assets.xcassets in Resources */,
				D9B6EAF326B1B20800F2BA23 /* Assets.xcassets in Resources */,
			);
			runOnlyForDeploymentPostprocessing = 0;
		};
		D9B6EAFA26B1B20800F2BA23 /* Resources */ = {
			isa = PBXResourcesBuildPhase;
			buildActionMask = 2147483647;
			files = (
			);
			runOnlyForDeploymentPostprocessing = 0;
		};
		D9B6EB0526B1B20800F2BA23 /* Resources */ = {
			isa = PBXResourcesBuildPhase;
			buildActionMask = 2147483647;
			files = (
			);
			runOnlyForDeploymentPostprocessing = 0;
		};
/* End PBXResourcesBuildPhase section */

/* Begin PBXSourcesBuildPhase section */
		D9B6EAE726B1B20500F2BA23 /* Sources */ = {
			isa = PBXSourcesBuildPhase;
			buildActionMask = 2147483647;
			files = (
				D9B6EAF126B1B20500F2BA23 /* ContentView.swift in Sources */,
				D9B6EB1C26B1B84E00F2BA23 /* ToDoList.swift in Sources */,
				D9B6EAEF26B1B20500F2BA23 /* To_Do_ListApp.swift in Sources */,
				D9B6EB1E26B1B91400F2BA23 /* AddItemView.swift in Sources */,
			);
			runOnlyForDeploymentPostprocessing = 0;
		};
		D9B6EAF826B1B20800F2BA23 /* Sources */ = {
			isa = PBXSourcesBuildPhase;
			buildActionMask = 2147483647;
			files = (
				D9B6EB0126B1B20800F2BA23 /* To_Do_ListTests.swift in Sources */,
			);
			runOnlyForDeploymentPostprocessing = 0;
		};
		D9B6EB0326B1B20800F2BA23 /* Sources */ = {
			isa = PBXSourcesBuildPhase;
			buildActionMask = 2147483647;
			files = (
				D9B6EB0C26B1B20800F2BA23 /* To_Do_ListUITests.swift in Sources */,
			);
			runOnlyForDeploymentPostprocessing = 0;
		};
/* End PBXSourcesBuildPhase section */

/* Begin PBXTargetDependency section */
		D9B6EAFE26B1B20800F2BA23 /* PBXTargetDependency */ = {
			isa = PBXTargetDependency;
			target = D9B6EAEA26B1B20500F2BA23 /* To-Do List */;
			targetProxy = D9B6EAFD26B1B20800F2BA23 /* PBXContainerItemProxy */;
		};
		D9B6EB0926B1B20800F2BA23 /* PBXTargetDependency */ = {
			isa = PBXTargetDependency;
			target = D9B6EAEA26B1B20500F2BA23 /* To-Do List */;
			targetProxy = D9B6EB0826B1B20800F2BA23 /* PBXContainerItemProxy */;
		};
/* End PBXTargetDependency section */

/* Begin XCBuildConfiguration section */
		D9B6EB0E26B1B20800F2BA23 /* Debug */ = {
			isa = XCBuildConfiguration;
			buildSettings = {
				ALWAYS_SEARCH_USER_PATHS = NO;
				CLANG_ANALYZER_NONNULL = YES;
				CLANG_ANALYZER_NUMBER_OBJECT_CONVERSION = YES_AGGRESSIVE;
				CLANG_CXX_LANGUAGE_STANDARD = "gnu++14";
				CLANG_CXX_LIBRARY = "libc++";
				CLANG_ENABLE_MODULES = YES;
				CLANG_ENABLE_OBJC_ARC = YES;
				CLANG_ENABLE_OBJC_WEAK = YES;
				CLANG_WARN_BLOCK_CAPTURE_AUTORELEASING = YES;
				CLANG_WARN_BOOL_CONVERSION = YES;
				CLANG_WARN_COMMA = YES;
				CLANG_WARN_CONSTANT_CONVERSION = YES;
				CLANG_WARN_DEPRECATED_OBJC_IMPLEMENTATIONS = YES;
				CLANG_WARN_DIRECT_OBJC_ISA_USAGE = YES_ERROR;
				CLANG_WARN_DOCUMENTATION_COMMENTS = YES;
				CLANG_WARN_EMPTY_BODY = YES;
				CLANG_WARN_ENUM_CONVERSION = YES;
				CLANG_WARN_INFINITE_RECURSION = YES;
				CLANG_WARN_INT_CONVERSION = YES;
				CLANG_WARN_NON_LITERAL_NULL_CONVERSION = YES;
				CLANG_WARN_OBJC_IMPLICIT_RETAIN_SELF = YES;
				CLANG_WARN_OBJC_LITERAL_CONVERSION = YES;
				CLANG_WARN_OBJC_ROOT_CLASS = YES_ERROR;
				CLANG_WARN_QUOTED_INCLUDE_IN_FRAMEWORK_HEADER = YES;
				CLANG_WARN_RANGE_LOOP_ANALYSIS = YES;
				CLANG_WARN_STRICT_PROTOTYPES = YES;
				CLANG_WARN_SUSPICIOUS_MOVE = YES;
				CLANG_WARN_UNGUARDED_AVAILABILITY = YES_AGGRESSIVE;
				CLANG_WARN_UNREACHABLE_CODE = YES;
				CLANG_WARN__DUPLICATE_METHOD_MATCH = YES;
				COPY_PHASE_STRIP = NO;
				DEBUG_INFORMATION_FORMAT = dwarf;
				ENABLE_STRICT_OBJC_MSGSEND = YES;
				ENABLE_TESTABILITY = YES;
				GCC_C_LANGUAGE_STANDARD = gnu11;
				GCC_DYNAMIC_NO_PIC = NO;
				GCC_NO_COMMON_BLOCKS = YES;
				GCC_OPTIMIZATION_LEVEL = 0;
				GCC_PREPROCESSOR_DEFINITIONS = (
					"DEBUG=1",
					"$(inherited)",
				);
				GCC_WARN_64_TO_32_BIT_CONVERSION = YES;
				GCC_WARN_ABOUT_RETURN_TYPE = YES_ERROR;
				GCC_WARN_UNDECLARED_SELECTOR = YES;
				GCC_WARN_UNINITIALIZED_AUTOS = YES_AGGRESSIVE;
				GCC_WARN_UNUSED_FUNCTION = YES;
				GCC_WARN_UNUSED_VARIABLE = YES;
				IPHONEOS_DEPLOYMENT_TARGET = 14.5;
				MTL_ENABLE_DEBUG_INFO = INCLUDE_SOURCE;
				MTL_FAST_MATH = YES;
				ONLY_ACTIVE_ARCH = YES;
				SDKROOT = iphoneos;
				SWIFT_ACTIVE_COMPILATION_CONDITIONS = DEBUG;
				SWIFT_OPTIMIZATION_LEVEL = "-Onone";
			};
			name = Debug;
		};
		D9B6EB0F26B1B20800F2BA23 /* Release */ = {
			isa = XCBuildConfiguration;
			buildSettings = {
				ALWAYS_SEARCH_USER_PATHS = NO;
				CLANG_ANALYZER_NONNULL = YES;
				CLANG_ANALYZER_NUMBER_OBJECT_CONVERSION = YES_AGGRESSIVE;
				CLANG_CXX_LANGUAGE_STANDARD = "gnu++14";
				CLANG_CXX_LIBRARY = "libc++";
				CLANG_ENABLE_MODULES = YES;
				CLANG_ENABLE_OBJC_ARC = YES;
				CLANG_ENABLE_OBJC_WEAK = YES;
				CLANG_WARN_BLOCK_CAPTURE_AUTORELEASING = YES;
				CLANG_WARN_BOOL_CONVERSION = YES;
				CLANG_WARN_COMMA = YES;
				CLANG_WARN_CONSTANT_CONVERSION = YES;
				CLANG_WARN_DEPRECATED_OBJC_IMPLEMENTATIONS = YES;
				CLANG_WARN_DIRECT_OBJC_ISA_USAGE = YES_ERROR;
				CLANG_WARN_DOCUMENTATION_COMMENTS = YES;
				CLANG_WARN_EMPTY_BODY = YES;
				CLANG_WARN_ENUM_CONVERSION = YES;
				CLANG_WARN_INFINITE_RECURSION = YES;
				CLANG_WARN_INT_CONVERSION = YES;
				CLANG_WARN_NON_LITERAL_NULL_CONVERSION = YES;
				CLANG_WARN_OBJC_IMPLICIT_RETAIN_SELF = YES;
				CLANG_WARN_OBJC_LITERAL_CONVERSION = YES;
				CLANG_WARN_OBJC_ROOT_CLASS = YES_ERROR;
				CLANG_WARN_QUOTED_INCLUDE_IN_FRAMEWORK_HEADER = YES;
				CLANG_WARN_RANGE_LOOP_ANALYSIS = YES;
				CLANG_WARN_STRICT_PROTOTYPES = YES;
				CLANG_WARN_SUSPICIOUS_MOVE = YES;
				CLANG_WARN_UNGUARDED_AVAILABILITY = YES_AGGRESSIVE;
				CLANG_WARN_UNREACHABLE_CODE = YES;
				CLANG_WARN__DUPLICATE_METHOD_MATCH = YES;
				COPY_PHASE_STRIP = NO;
				DEBUG_INFORMATION_FORMAT = "dwarf-with-dsym";
				ENABLE_NS_ASSERTIONS = NO;
				ENABLE_STRICT_OBJC_MSGSEND = YES;
				GCC_C_LANGUAGE_STANDARD = gnu11;
				GCC_NO_COMMON_BLOCKS = YES;
				GCC_WARN_64_TO_32_BIT_CONVERSION = YES;
				GCC_WARN_ABOUT_RETURN_TYPE = YES_ERROR;
				GCC_WARN_UNDECLARED_SELECTOR = YES;
				GCC_WARN_UNINITIALIZED_AUTOS = YES_AGGRESSIVE;
				GCC_WARN_UNUSED_FUNCTION = YES;
				GCC_WARN_UNUSED_VARIABLE = YES;
				IPHONEOS_DEPLOYMENT_TARGET = 14.5;
				MTL_ENABLE_DEBUG_INFO = NO;
				MTL_FAST_MATH = YES;
				SDKROOT = iphoneos;
				SWIFT_COMPILATION_MODE = wholemodule;
				SWIFT_OPTIMIZATION_LEVEL = "-O";
				VALIDATE_PRODUCT = YES;
			};
			name = Release;
		};
		D9B6EB1126B1B20800F2BA23 /* Debug */ = {
			isa = XCBuildConfiguration;
			buildSettings = {
				ASSETCATALOG_COMPILER_APPICON_NAME = AppIcon;
				ASSETCATALOG_COMPILER_GLOBAL_ACCENT_COLOR_NAME = AccentColor;
				CODE_SIGN_STYLE = Automatic;
				DEVELOPMENT_ASSET_PATHS = "\"To-Do List/Preview Content\"";
				ENABLE_PREVIEWS = YES;
				INFOPLIST_FILE = "To-Do List/Info.plist";
				IPHONEOS_DEPLOYMENT_TARGET = 14.0;
				LD_RUNPATH_SEARCH_PATHS = (
					"$(inherited)",
					"@executable_path/Frameworks",
				);
				PRODUCT_BUNDLE_IDENTIFIER = "Ryan-Ahn.To-Do-List";
				PRODUCT_NAME = "$(TARGET_NAME)";
				SWIFT_VERSION = 5.0;
				TARGETED_DEVICE_FAMILY = "1,2";
			};
			name = Debug;
		};
		D9B6EB1226B1B20800F2BA23 /* Release */ = {
			isa = XCBuildConfiguration;
			buildSettings = {
				ASSETCATALOG_COMPILER_APPICON_NAME = AppIcon;
				ASSETCATALOG_COMPILER_GLOBAL_ACCENT_COLOR_NAME = AccentColor;
				CODE_SIGN_STYLE = Automatic;
				DEVELOPMENT_ASSET_PATHS = "\"To-Do List/Preview Content\"";
				ENABLE_PREVIEWS = YES;
				INFOPLIST_FILE = "To-Do List/Info.plist";
				IPHONEOS_DEPLOYMENT_TARGET = 14.0;
				LD_RUNPATH_SEARCH_PATHS = (
					"$(inherited)",
					"@executable_path/Frameworks",
				);
				PRODUCT_BUNDLE_IDENTIFIER = "Ryan-Ahn.To-Do-List";
				PRODUCT_NAME = "$(TARGET_NAME)";
				SWIFT_VERSION = 5.0;
				TARGETED_DEVICE_FAMILY = "1,2";
			};
			name = Release;
		};
		D9B6EB1426B1B20800F2BA23 /* Debug */ = {
			isa = XCBuildConfiguration;
			buildSettings = {
				ALWAYS_EMBED_SWIFT_STANDARD_LIBRARIES = YES;
				BUNDLE_LOADER = "$(TEST_HOST)";
				CODE_SIGN_STYLE = Automatic;
				INFOPLIST_FILE = "To-Do ListTests/Info.plist";
				IPHONEOS_DEPLOYMENT_TARGET = 14.0;
				LD_RUNPATH_SEARCH_PATHS = (
					"$(inherited)",
					"@executable_path/Frameworks",
					"@loader_path/Frameworks",
				);
				PRODUCT_BUNDLE_IDENTIFIER = "Ryan-Ahn.To-Do-ListTests";
				PRODUCT_NAME = "$(TARGET_NAME)";
				SWIFT_VERSION = 5.0;
				TARGETED_DEVICE_FAMILY = "1,2";
				TEST_HOST = "$(BUILT_PRODUCTS_DIR)/To-Do List.app/To-Do List";
			};
			name = Debug;
		};
		D9B6EB1526B1B20800F2BA23 /* Release */ = {
			isa = XCBuildConfiguration;
			buildSettings = {
				ALWAYS_EMBED_SWIFT_STANDARD_LIBRARIES = YES;
				BUNDLE_LOADER = "$(TEST_HOST)";
				CODE_SIGN_STYLE = Automatic;
				INFOPLIST_FILE = "To-Do ListTests/Info.plist";
				IPHONEOS_DEPLOYMENT_TARGET = 14.0;
				LD_RUNPATH_SEARCH_PATHS = (
					"$(inherited)",
					"@executable_path/Frameworks",
					"@loader_path/Frameworks",
				);
				PRODUCT_BUNDLE_IDENTIFIER = "Ryan-Ahn.To-Do-ListTests";
				PRODUCT_NAME = "$(TARGET_NAME)";
				SWIFT_VERSION = 5.0;
				TARGETED_DEVICE_FAMILY = "1,2";
				TEST_HOST = "$(BUILT_PRODUCTS_DIR)/To-Do List.app/To-Do List";
			};
			name = Release;
		};
		D9B6EB1726B1B20800F2BA23 /* Debug */ = {
			isa = XCBuildConfiguration;
			buildSettings = {
				ALWAYS_EMBED_SWIFT_STANDARD_LIBRARIES = YES;
				CODE_SIGN_STYLE = Automatic;
				INFOPLIST_FILE = "To-Do ListUITests/Info.plist";
				LD_RUNPATH_SEARCH_PATHS = (
					"$(inherited)",
					"@executable_path/Frameworks",
					"@loader_path/Frameworks",
				);
				PRODUCT_BUNDLE_IDENTIFIER = "Ryan-Ahn.To-Do-ListUITests";
				PRODUCT_NAME = "$(TARGET_NAME)";
				SWIFT_VERSION = 5.0;
				TARGETED_DEVICE_FAMILY = "1,2";
				TEST_TARGET_NAME = "To-Do List";
			};
			name = Debug;
		};
		D9B6EB1826B1B20800F2BA23 /* Release */ = {
			isa = XCBuildConfiguration;
			buildSettings = {
				ALWAYS_EMBED_SWIFT_STANDARD_LIBRARIES = YES;
				CODE_SIGN_STYLE = Automatic;
				INFOPLIST_FILE = "To-Do ListUITests/Info.plist";
				LD_RUNPATH_SEARCH_PATHS = (
					"$(inherited)",
					"@executable_path/Frameworks",
					"@loader_path/Frameworks",
				);
				PRODUCT_BUNDLE_IDENTIFIER = "Ryan-Ahn.To-Do-ListUITests";
				PRODUCT_NAME = "$(TARGET_NAME)";
				SWIFT_VERSION = 5.0;
				TARGETED_DEVICE_FAMILY = "1,2";
				TEST_TARGET_NAME = "To-Do List";
			};
			name = Release;
		};
/* End XCBuildConfiguration section */

/* Begin XCConfigurationList section */
		D9B6EAE626B1B20500F2BA23 /* Build configuration list for PBXProject "To-Do List" */ = {
			isa = XCConfigurationList;
			buildConfigurations = (
				D9B6EB0E26B1B20800F2BA23 /* Debug */,
				D9B6EB0F26B1B20800F2BA23 /* Release */,
			);
			defaultConfigurationIsVisible = 0;
			defaultConfigurationName = Release;
		};
		D9B6EB1026B1B20800F2BA23 /* Build configuration list for PBXNativeTarget "To-Do List" */ = {
			isa = XCConfigurationList;
			buildConfigurations = (
				D9B6EB1126B1B20800F2BA23 /* Debug */,
				D9B6EB1226B1B20800F2BA23 /* Release */,
			);
			defaultConfigurationIsVisible = 0;
			defaultConfigurationName = Release;
		};
		D9B6EB1326B1B20800F2BA23 /* Build configuration list for PBXNativeTarget "To-Do ListTests" */ = {
			isa = XCConfigurationList;
			buildConfigurations = (
				D9B6EB1426B1B20800F2BA23 /* Debug */,
				D9B6EB1526B1B20800F2BA23 /* Release */,
			);
			defaultConfigurationIsVisible = 0;
			defaultConfigurationName = Release;
		};
		D9B6EB1626B1B20800F2BA23 /* Build configuration list for PBXNativeTarget "To-Do ListUITests" */ = {
			isa = XCConfigurationList;
			buildConfigurations = (
				D9B6EB1726B1B20800F2BA23 /* Debug */,
				D9B6EB1826B1B20800F2BA23 /* Release */,
			);
			defaultConfigurationIsVisible = 0;
			defaultConfigurationName = Release;
		};
/* End XCConfigurationList section */
	};
	rootObject = D9B6EAE326B1B20500F2BA23 /* Project object */;
}
